
Microsoft Visual Studio Solution File, Format Version 12.00
# Visual Studio Version 17
VisualStudioVersion = 17.9.34616.47
MinimumVisualStudioVersion = 10.0.40219.1
Project("{FAE04EC0-301F-11D3-BF4B-00C04F79EFBC}") = "C# Chess Board 02", "C# Chess Board 02\C# Chess Board 02.csproj", "{250E9429-1F94-49F4-9FAC-A030ED5C12E9}"
EndProject
Global
	GlobalSection(SolutionConfigurationPlatforms) = preSolution
		Debug|Any CPU = Debug|Any CPU
		Release|Any CPU = Release|Any CPU
	EndGlobalSection
	GlobalSection(ProjectConfigurationPlatforms) = postSolution
		{250E9429-1F94-49F4-9FAC-A030ED5C12E9}.Debug|Any CPU.ActiveCfg = Debug|Any CPU
		{250E9429-1F94-49F4-9FAC-A030ED5C12E9}.Debug|Any CPU.Build.0 = Debug|Any CPU
		{250E9429-1F94-49F4-9FAC-A030ED5C12E9}.Release|Any CPU.ActiveCfg = Release|Any CPU
		{250E9429-1F94-49F4-9FAC-A030ED5C12E9}.Release|Any CPU.Build.0 = Release|Any CPU
	EndGlobalSection
	GlobalSection(SolutionProperties) = preSolution
		HideSolutionNode = FALSE
	EndGlobalSection
	GlobalSection(ExtensibilityGlobals) = postSolution
		SolutionGuid = {0FA3F29E-A470-4CD2-92BE-F0ECBFAB923D}
	EndGlobalSection
EndGlobal
